
Microsoft Visual Studio Solution File, Format Version 12.00
# Visual Studio Version 17
VisualStudioVersion = 17.0.31903.59
MinimumVisualStudioVersion = 10.0.40219.1
Project("{2150E333-8FDC-42A3-9474-1A3956D46DE8}") = "src", "src", "{827E0CD3-B72D-47B6-A68D-7590B98EB39B}"
EndProject
Project("{FAE04EC0-301F-11D3-BF4B-00C04F79EFBC}") = "AIReportRewriter.API", "src\AIReportRewriter.API\AIReportRewriter.API.csproj", "{F9B9280E-E9F2-43D6-8828-3842C8FC222C}"
EndProject
Project("{FAE04EC0-301F-11D3-BF4B-00C04F79EFBC}") = "AIReportRewriter.Application", "src\AIReportRewriter.Application\AIReportRewriter.Application.csproj", "{572EEBD7-5276-43F5-B245-EADB2EF151DD}"
EndProject
Project("{FAE04EC0-301F-11D3-BF4B-00C04F79EFBC}") = "AIReportRewriter.Domain", "src\AIReportRewriter.Domain\AIReportRewriter.Domain.csproj", "{345C9A1E-82B1-465E-A005-473015C114AD}"
EndProject
Project("{FAE04EC0-301F-11D3-BF4B-00C04F79EFBC}") = "AIReportRewriter.Infrastructure", "src\AIReportRewriter.Infrastructure\AIReportRewriter.Infrastructure.csproj", "{70D88A42-702A-467D-B1BA-C5945D74C083}"
EndProject
Global
	GlobalSection(SolutionConfigurationPlatforms) = preSolution
		Debug|Any CPU = Debug|Any CPU
		Debug|x64 = Debug|x64
		Debug|x86 = Debug|x86
		Release|Any CPU = Release|Any CPU
		Release|x64 = Release|x64
		Release|x86 = Release|x86
	EndGlobalSection
	GlobalSection(ProjectConfigurationPlatforms) = postSolution
		{F9B9280E-E9F2-43D6-8828-3842C8FC222C}.Debug|Any CPU.ActiveCfg = Debug|Any CPU
		{F9B9280E-E9F2-43D6-8828-3842C8FC222C}.Debug|Any CPU.Build.0 = Debug|Any CPU
		{F9B9280E-E9F2-43D6-8828-3842C8FC222C}.Debug|x64.ActiveCfg = Debug|Any CPU
		{F9B9280E-E9F2-43D6-8828-3842C8FC222C}.Debug|x64.Build.0 = Debug|Any CPU
		{F9B9280E-E9F2-43D6-8828-3842C8FC222C}.Debug|x86.ActiveCfg = Debug|Any CPU
		{F9B9280E-E9F2-43D6-8828-3842C8FC222C}.Debug|x86.Build.0 = Debug|Any CPU
		{F9B9280E-E9F2-43D6-8828-3842C8FC222C}.Release|Any CPU.ActiveCfg = Release|Any CPU
		{F9B9280E-E9F2-43D6-8828-3842C8FC222C}.Release|Any CPU.Build.0 = Release|Any CPU
		{F9B9280E-E9F2-43D6-8828-3842C8FC222C}.Release|x64.ActiveCfg = Release|Any CPU
		{F9B9280E-E9F2-43D6-8828-3842C8FC222C}.Release|x64.Build.0 = Release|Any CPU
		{F9B9280E-E9F2-43D6-8828-3842C8FC222C}.Release|x86.ActiveCfg = Release|Any CPU
		{F9B9280E-E9F2-43D6-8828-3842C8FC222C}.Release|x86.Build.0 = Release|Any CPU
		{572EEBD7-5276-43F5-B245-EADB2EF151DD}.Debug|Any CPU.ActiveCfg = Debug|Any CPU
		{572EEBD7-5276-43F5-B245-EADB2EF151DD}.Debug|Any CPU.Build.0 = Debug|Any CPU
		{572EEBD7-5276-43F5-B245-EADB2EF151DD}.Debug|x64.ActiveCfg = Debug|Any CPU
		{572EEBD7-5276-43F5-B245-EADB2EF151DD}.Debug|x64.Build.0 = Debug|Any CPU
		{572EEBD7-5276-43F5-B245-EADB2EF151DD}.Debug|x86.ActiveCfg = Debug|Any CPU
		{572EEBD7-5276-43F5-B245-EADB2EF151DD}.Debug|x86.Build.0 = Debug|Any CPU
		{572EEBD7-5276-43F5-B245-EADB2EF151DD}.Release|Any CPU.ActiveCfg = Release|Any CPU
		{572EEBD7-5276-43F5-B245-EADB2EF151DD}.Release|Any CPU.Build.0 = Release|Any CPU
		{572EEBD7-5276-43F5-B245-EADB2EF151DD}.Release|x64.ActiveCfg = Release|Any CPU
		{572EEBD7-5276-43F5-B245-EADB2EF151DD}.Release|x64.Build.0 = Release|Any CPU
		{572EEBD7-5276-43F5-B245-EADB2EF151DD}.Release|x86.ActiveCfg = Release|Any CPU
		{572EEBD7-5276-43F5-B245-EADB2EF151DD}.Release|x86.Build.0 = Release|Any CPU
		{345C9A1E-82B1-465E-A005-473015C114AD}.Debug|Any CPU.ActiveCfg = Debug|Any CPU
		{345C9A1E-82B1-465E-A005-473015C114AD}.Debug|Any CPU.Build.0 = Debug|Any CPU
		{345C9A1E-82B1-465E-A005-473015C114AD}.Debug|x64.ActiveCfg = Debug|Any CPU
		{345C9A1E-82B1-465E-A005-473015C114AD}.Debug|x64.Build.0 = Debug|Any CPU
		{345C9A1E-82B1-465E-A005-473015C114AD}.Debug|x86.ActiveCfg = Debug|Any CPU
		{345C9A1E-82B1-465E-A005-473015C114AD}.Debug|x86.Build.0 = Debug|Any CPU
		{345C9A1E-82B1-465E-A005-473015C114AD}.Release|Any CPU.ActiveCfg = Release|Any CPU
		{345C9A1E-82B1-465E-A005-473015C114AD}.Release|Any CPU.Build.0 = Release|Any CPU
		{345C9A1E-82B1-465E-A005-473015C114AD}.Release|x64.ActiveCfg = Release|Any CPU
		{345C9A1E-82B1-465E-A005-473015C114AD}.Release|x64.Build.0 = Release|Any CPU
		{345C9A1E-82B1-465E-A005-473015C114AD}.Release|x86.ActiveCfg = Release|Any CPU
		{345C9A1E-82B1-465E-A005-473015C114AD}.Release|x86.Build.0 = Release|Any CPU
		{70D88A42-702A-467D-B1BA-C5945D74C083}.Debug|Any CPU.ActiveCfg = Debug|Any CPU
		{70D88A42-702A-467D-B1BA-C5945D74C083}.Debug|Any CPU.Build.0 = Debug|Any CPU
		{70D88A42-702A-467D-B1BA-C5945D74C083}.Debug|x64.ActiveCfg = Debug|Any CPU
		{70D88A42-702A-467D-B1BA-C5945D74C083}.Debug|x64.Build.0 = Debug|Any CPU
		{70D88A42-702A-467D-B1BA-C5945D74C083}.Debug|x86.ActiveCfg = Debug|Any CPU
		{70D88A42-702A-467D-B1BA-C5945D74C083}.Debug|x86.Build.0 = Debug|Any CPU
		{70D88A42-702A-467D-B1BA-C5945D74C083}.Release|Any CPU.ActiveCfg = Release|Any CPU
		{70D88A42-702A-467D-B1BA-C5945D74C083}.Release|Any CPU.Build.0 = Release|Any CPU
		{70D88A42-702A-467D-B1BA-C5945D74C083}.Release|x64.ActiveCfg = Release|Any CPU
		{70D88A42-702A-467D-B1BA-C5945D74C083}.Release|x64.Build.0 = Release|Any CPU
		{70D88A42-702A-467D-B1BA-C5945D74C083}.Release|x86.ActiveCfg = Release|Any CPU
		{70D88A42-702A-467D-B1BA-C5945D74C083}.Release|x86.Build.0 = Release|Any CPU
	EndGlobalSection
	GlobalSection(SolutionProperties) = preSolution
		HideSolutionNode = FALSE
	EndGlobalSection
	GlobalSection(NestedProjects) = preSolution
		{F9B9280E-E9F2-43D6-8828-3842C8FC222C} = {827E0CD3-B72D-47B6-A68D-7590B98EB39B}
		{572EEBD7-5276-43F5-B245-EADB2EF151DD} = {827E0CD3-B72D-47B6-A68D-7590B98EB39B}
		{345C9A1E-82B1-465E-A005-473015C114AD} = {827E0CD3-B72D-47B6-A68D-7590B98EB39B}
		{70D88A42-702A-467D-B1BA-C5945D74C083} = {827E0CD3-B72D-47B6-A68D-7590B98EB39B}
	EndGlobalSection
EndGlobal
